
Microsoft Visual Studio Solution File, Format Version 12.00
# Visual Studio 15
VisualStudioVersion = 15.0.28307.902
MinimumVisualStudioVersion = 10.0.40219.1
Project("{2150E333-8FDC-42A3-9474-1A3956D46DE8}") = "Solution Items", "Solution Items", "{63A86607-FF4B-41E5-8375-2EE24B7DABF4}"
	ProjectSection(SolutionItems) = preProject
		HullerHistory.csv = HullerHistory.csv
		MA5810-A4.rmd = MA5810-A4.rmd
	EndProjectSection
EndProject
Global
	GlobalSection(SolutionProperties) = preSolution
		HideSolutionNode = FALSE
	EndGlobalSection
	GlobalSection(ExtensibilityGlobals) = postSolution
		SolutionGuid = {DCFA2EF3-D534-43FE-BE92-11BD90F8F3A3}
	EndGlobalSection
EndGlobal
